
Microsoft Visual Studio Solution File, Format Version 12.00
# Visual Studio Version 17
VisualStudioVersion = 17.13.35931.197
MinimumVisualStudioVersion = 10.0.40219.1
Project("{FAE04EC0-301F-11D3-BF4B-00C04F79EFBC}") = "FoodOrderApi", "FoodOrderApi.csproj", "{3D799DCF-FBDF-48C4-A611-8FC11D585E4D}"
EndProject
Project("{54A90642-561A-4BB1-A94E-469ADEE60C69}") = "foodorderclient", "..\FoodOrderClient\foodorderclient.esproj", "{94DA0764-901E-F159-31CB-47E824B85414}"
EndProject
Global
	GlobalSection(SolutionConfigurationPlatforms) = preSolution
		Debug|Any CPU = Debug|Any CPU
		Release|Any CPU = Release|Any CPU
	EndGlobalSection
	GlobalSection(ProjectConfigurationPlatforms) = postSolution
		{3D799DCF-FBDF-48C4-A611-8FC11D585E4D}.Debug|Any CPU.ActiveCfg = Debug|Any CPU
		{3D799DCF-FBDF-48C4-A611-8FC11D585E4D}.Debug|Any CPU.Build.0 = Debug|Any CPU
		{3D799DCF-FBDF-48C4-A611-8FC11D585E4D}.Release|Any CPU.ActiveCfg = Release|Any CPU
		{3D799DCF-FBDF-48C4-A611-8FC11D585E4D}.Release|Any CPU.Build.0 = Release|Any CPU
		{94DA0764-901E-F159-31CB-47E824B85414}.Debug|Any CPU.ActiveCfg = Debug|Any CPU
		{94DA0764-901E-F159-31CB-47E824B85414}.Debug|Any CPU.Build.0 = Debug|Any CPU
		{94DA0764-901E-F159-31CB-47E824B85414}.Debug|Any CPU.Deploy.0 = Debug|Any CPU
		{94DA0764-901E-F159-31CB-47E824B85414}.Release|Any CPU.ActiveCfg = Release|Any CPU
		{94DA0764-901E-F159-31CB-47E824B85414}.Release|Any CPU.Build.0 = Release|Any CPU
		{94DA0764-901E-F159-31CB-47E824B85414}.Release|Any CPU.Deploy.0 = Release|Any CPU
	EndGlobalSection
	GlobalSection(SolutionProperties) = preSolution
		HideSolutionNode = FALSE
	EndGlobalSection
	GlobalSection(ExtensibilityGlobals) = postSolution
		SolutionGuid = {C1C77086-7E49-491B-9FE0-FD988AD5B6F1}
	EndGlobalSection
EndGlobal
